# THIS IS AN AUTOGENERATED FILE. DO NOT EDIT THIS FILE DIRECTLY.
# yarn lockfile v1


nan@^2.4.0:
  version "2.7.0"
  resolved "https://registry.yarnpkg.com/nan/-/nan-2.7.0.tgz#d95bf721ec877e08db276ed3fc6eb78f9083ad46"

node-gyp-build@^3.0.0:
  version "3.2.2"
  resolved "https://registry.yarnpkg.com/node-gyp-build/-/node-gyp-build-3.2.2.tgz#f78a9f84834b1dbd293b0719fee48635d2789c27"

sodium-native@^1.10.3:
  version "1.10.3"
  resolved "https://registry.yarnpkg.com/sodium-native/-/sodium-native-1.10.3.tgz#3fab41e91cc349bc59b89d7f7039389e62401549"
  dependencies:
    nan "^2.4.0"
    node-gyp-build "^3.0.0"
